
Microsoft Visual Studio Solution File, Format Version 12.00
# Visual Studio Version 17
VisualStudioVersion = 17.4.33403.182
MinimumVisualStudioVersion = 10.0.40219.1
Project("{9A19103F-16F7-4668-BE54-9A1E7A4F7556}") = "IntervalSchedulingOptimizationAPI", "IntervalSchedulingOptimizationAPI\IntervalSchedulingOptimizationAPI.csproj", "{BF431E0D-B91C-4DC5-A6FF-4F6722EC27CE}"
EndProject
Project("{9A19103F-16F7-4668-BE54-9A1E7A4F7556}") = "IntervalSchedulingOptimization", "IntervalSchedulingOptimizationConsole\IntervalSchedulingOptimization.csproj", "{AB6E53D1-FAC5-449A-A487-0F4C1E7865B3}"
EndProject
Project("{FAE04EC0-301F-11D3-BF4B-00C04F79EFBC}") = "IntervalSchedulingOptimizationLibrary", "IntervalSchedulingOptimizationLibrary\IntervalSchedulingOptimizationLibrary.csproj", "{A3462E07-40FD-4AC6-976A-A0A7412BC7F5}"
EndProject
Global
	GlobalSection(SolutionConfigurationPlatforms) = preSolution
		Debug|Any CPU = Debug|Any CPU
		Release|Any CPU = Release|Any CPU
	EndGlobalSection
	GlobalSection(ProjectConfigurationPlatforms) = postSolution
		{BF431E0D-B91C-4DC5-A6FF-4F6722EC27CE}.Debug|Any CPU.ActiveCfg = Debug|Any CPU
		{BF431E0D-B91C-4DC5-A6FF-4F6722EC27CE}.Debug|Any CPU.Build.0 = Debug|Any CPU
		{BF431E0D-B91C-4DC5-A6FF-4F6722EC27CE}.Release|Any CPU.ActiveCfg = Release|Any CPU
		{BF431E0D-B91C-4DC5-A6FF-4F6722EC27CE}.Release|Any CPU.Build.0 = Release|Any CPU
		{AB6E53D1-FAC5-449A-A487-0F4C1E7865B3}.Debug|Any CPU.ActiveCfg = Debug|Any CPU
		{AB6E53D1-FAC5-449A-A487-0F4C1E7865B3}.Debug|Any CPU.Build.0 = Debug|Any CPU
		{AB6E53D1-FAC5-449A-A487-0F4C1E7865B3}.Release|Any CPU.ActiveCfg = Release|Any CPU
		{AB6E53D1-FAC5-449A-A487-0F4C1E7865B3}.Release|Any CPU.Build.0 = Release|Any CPU
		{A3462E07-40FD-4AC6-976A-A0A7412BC7F5}.Debug|Any CPU.ActiveCfg = Debug|Any CPU
		{A3462E07-40FD-4AC6-976A-A0A7412BC7F5}.Debug|Any CPU.Build.0 = Debug|Any CPU
		{A3462E07-40FD-4AC6-976A-A0A7412BC7F5}.Release|Any CPU.ActiveCfg = Release|Any CPU
		{A3462E07-40FD-4AC6-976A-A0A7412BC7F5}.Release|Any CPU.Build.0 = Release|Any CPU
	EndGlobalSection
	GlobalSection(SolutionProperties) = preSolution
		HideSolutionNode = FALSE
	EndGlobalSection
	GlobalSection(ExtensibilityGlobals) = postSolution
		SolutionGuid = {ADE840BC-8E19-4410-B190-7718E9C37B54}
	EndGlobalSection
EndGlobal
